
Microsoft Visual Studio Solution File, Format Version 12.00
# Visual Studio 15
VisualStudioVersion = 15.0.27428.2015
MinimumVisualStudioVersion = 10.0.40219.1
Project("{8BC9CEB8-8B4A-11D0-8D11-00A0C91BC942}") = "qq", "project\qq\qq.vcxproj", "{F024CFE6-A2C7-47BF-8A18-6EE1A4CDF155}"
	ProjectSection(ProjectDependencies) = postProject
		{10368471-59FD-45F9-8D2F-D4D7B8760DE2} = {10368471-59FD-45F9-8D2F-D4D7B8760DE2}
	EndProjectSection
EndProject
Project("{8BC9CEB8-8B4A-11D0-8D11-00A0C91BC942}") = "util", "project\util\util.vcxproj", "{10368471-59FD-45F9-8D2F-D4D7B8760DE2}"
EndProject
Global
	GlobalSection(SolutionConfigurationPlatforms) = preSolution
		Debug|x64 = Debug|x64
		Debug|x86 = Debug|x86
		Release|x64 = Release|x64
		Release|x86 = Release|x86
	EndGlobalSection
	GlobalSection(ProjectConfigurationPlatforms) = postSolution
		{F024CFE6-A2C7-47BF-8A18-6EE1A4CDF155}.Debug|x64.ActiveCfg = Debug|x64
		{F024CFE6-A2C7-47BF-8A18-6EE1A4CDF155}.Debug|x64.Build.0 = Debug|x64
		{F024CFE6-A2C7-47BF-8A18-6EE1A4CDF155}.Debug|x86.ActiveCfg = Debug|Win32
		{F024CFE6-A2C7-47BF-8A18-6EE1A4CDF155}.Debug|x86.Build.0 = Debug|Win32
		{F024CFE6-A2C7-47BF-8A18-6EE1A4CDF155}.Release|x64.ActiveCfg = Release|x64
		{F024CFE6-A2C7-47BF-8A18-6EE1A4CDF155}.Release|x64.Build.0 = Release|x64
		{F024CFE6-A2C7-47BF-8A18-6EE1A4CDF155}.Release|x86.ActiveCfg = Release|Win32
		{F024CFE6-A2C7-47BF-8A18-6EE1A4CDF155}.Release|x86.Build.0 = Release|Win32
		{10368471-59FD-45F9-8D2F-D4D7B8760DE2}.Debug|x64.ActiveCfg = Debug|x64
		{10368471-59FD-45F9-8D2F-D4D7B8760DE2}.Debug|x64.Build.0 = Debug|x64
		{10368471-59FD-45F9-8D2F-D4D7B8760DE2}.Debug|x86.ActiveCfg = Debug|Win32
		{10368471-59FD-45F9-8D2F-D4D7B8760DE2}.Debug|x86.Build.0 = Debug|Win32
		{10368471-59FD-45F9-8D2F-D4D7B8760DE2}.Release|x64.ActiveCfg = Release|x64
		{10368471-59FD-45F9-8D2F-D4D7B8760DE2}.Release|x64.Build.0 = Release|x64
		{10368471-59FD-45F9-8D2F-D4D7B8760DE2}.Release|x86.ActiveCfg = Release|Win32
		{10368471-59FD-45F9-8D2F-D4D7B8760DE2}.Release|x86.Build.0 = Release|Win32
	EndGlobalSection
	GlobalSection(SolutionProperties) = preSolution
		HideSolutionNode = FALSE
	EndGlobalSection
	GlobalSection(ExtensibilityGlobals) = postSolution
		SolutionGuid = {D59191DB-4265-49BF-B2EE-702F08F0BBFF}
	EndGlobalSection
EndGlobal
